{
  "version": 4,
  "terraform_version": "1.0.6",
  "serial": 102,
  "lineage": "4b651882-35b2-8c62-01a9-c05a73f8de4e",
  "outputs": {},
  "resources": [
    {
      "mode": "managed",
      "type": "azurerm_network_security_group",
      "name": "nic-NSG2",
      "provider": "provider[\"registry.terraform.io/hashicorp/azurerm\"]",
      "instances": [
        {
          "schema_version": 0,
          "attributes": {
            "id": "/subscriptions/8622c0a8-1d1e-44e5-b641-0aee0682ad7b/resourceGroups/TEST-RG1/providers/Microsoft.Network/networkSecurityGroups/nic-test-nsg",
            "location": "centralindia",
            "name": "nic-test-nsg",
            "resource_group_name": "TEST-RG1",
            "security_rule": [
              {
                "access": "Allow",
                "description": "",
                "destination_address_prefix": "",
                "destination_address_prefixes": [
                  "10.10.10.6",
                  "10.10.10.7"
                ],
                "destination_application_security_group_ids": [],
                "destination_port_range": "*",
                "destination_port_ranges": [],
                "direction": "Inbound",
                "name": "allow_node3n4",
                "priority": 100,
                "protocol": "*",
                "source_address_prefix": "",
                "source_address_prefixes": [
                  "10.10.10.6",
                  "10.10.10.7"
                ],
                "source_application_security_group_ids": [],
                "source_port_range": "*",
                "source_port_ranges": []
              },
              {
                "access": "Allow",
                "description": "",
                "destination_address_prefix": "",
                "destination_address_prefixes": [
                  "10.10.10.6",
                  "10.10.10.7"
                ],
                "destination_application_security_group_ids": [],
                "destination_port_range": "*",
                "destination_port_ranges": [],
                "direction": "Outbound",
                "name": "isolated",
                "priority": 100,
                "protocol": "*",
                "source_address_prefix": "",
                "source_address_prefixes": [
                  "10.10.10.6",
                  "10.10.10.7"
                ],
                "source_application_security_group_ids": [],
                "source_port_range": "*",
                "source_port_ranges": []
              },
              {
                "access": "Deny",
                "description": "",
                "destination_address_prefix": "",
                "destination_address_prefixes": [
                  "10.10.10.6",
                  "10.10.10.7"
                ],
                "destination_application_security_group_ids": [],
                "destination_port_range": "*",
                "destination_port_ranges": [],
                "direction": "Inbound",
                "name": "Port_8080",
                "priority": 120,
                "protocol": "*",
                "source_address_prefix": "10.10.0.0/16",
                "source_address_prefixes": [],
                "source_application_security_group_ids": [],
                "source_port_range": "*",
                "source_port_ranges": []
              },
              {
                "access": "Deny",
                "description": "",
                "destination_address_prefix": "*",
                "destination_address_prefixes": [],
                "destination_application_security_group_ids": [],
                "destination_port_range": "*",
                "destination_port_ranges": [],
                "direction": "Outbound",
                "name": "deny_all_else",
                "priority": 110,
                "protocol": "*",
                "source_address_prefix": "",
                "source_address_prefixes": [
                  "10.10.10.6",
                  "10.10.10.7"
                ],
                "source_application_security_group_ids": [],
                "source_port_range": "*",
                "source_port_ranges": []
              }
            ],
            "tags": {},
            "timeouts": null
          },
          "sensitive_attributes": [],
          "private": "eyJlMmJmYjczMC1lY2FhLTExZTYtOGY4OC0zNDM2M2JjN2M0YzAiOnsiY3JlYXRlIjoxODAwMDAwMDAwMDAwLCJkZWxldGUiOjE4MDAwMDAwMDAwMDAsInJlYWQiOjMwMDAwMDAwMDAwMCwidXBkYXRlIjoxODAwMDAwMDAwMDAwfX0=",
          "dependencies": [
            "azurerm_resource_group.resource_group"
          ]
        }
      ]
    },
    {
      "mode": "managed",
      "type": "azurerm_resource_group",
      "name": "resource_group",
      "provider": "provider[\"registry.terraform.io/hashicorp/azurerm\"]",
      "instances": [
        {
          "schema_version": 0,
          "attributes": {
            "id": "/subscriptions/8622c0a8-1d1e-44e5-b641-0aee0682ad7b/resourceGroups/TEST-RG1",
            "location": "centralindia",
            "name": "TEST-RG1",
            "tags": {},
            "timeouts": null
          },
          "sensitive_attributes": [],
          "private": "eyJlMmJmYjczMC1lY2FhLTExZTYtOGY4OC0zNDM2M2JjN2M0YzAiOnsiY3JlYXRlIjo1NDAwMDAwMDAwMDAwLCJkZWxldGUiOjU0MDAwMDAwMDAwMDAsInJlYWQiOjMwMDAwMDAwMDAwMCwidXBkYXRlIjo1NDAwMDAwMDAwMDAwfX0="
        }
      ]
    }
  ]
}
